
Microsoft Visual Studio Solution File, Format Version 12.00
# Visual Studio Version 17
VisualStudioVersion = 17.7.34202.233
MinimumVisualStudioVersion = 10.0.40219.1
Project("{8BC9CEB8-8B4A-11D0-8D11-00A0C91BC942}") = "B", "B.vcxproj", "{BF8CCACC-1A56-4030-9F2A-3874DF082AAA}"
EndProject
Global
	GlobalSection(SolutionConfigurationPlatforms) = preSolution
		Debug|x64 = Debug|x64
		Debug|x86 = Debug|x86
		Release|x64 = Release|x64
		Release|x86 = Release|x86
	EndGlobalSection
	GlobalSection(ProjectConfigurationPlatforms) = postSolution
		{BF8CCACC-1A56-4030-9F2A-3874DF082AAA}.Debug|x64.ActiveCfg = Debug|x64
		{BF8CCACC-1A56-4030-9F2A-3874DF082AAA}.Debug|x64.Build.0 = Debug|x64
		{BF8CCACC-1A56-4030-9F2A-3874DF082AAA}.Debug|x86.ActiveCfg = Debug|Win32
		{BF8CCACC-1A56-4030-9F2A-3874DF082AAA}.Debug|x86.Build.0 = Debug|Win32
		{BF8CCACC-1A56-4030-9F2A-3874DF082AAA}.Release|x64.ActiveCfg = Release|x64
		{BF8CCACC-1A56-4030-9F2A-3874DF082AAA}.Release|x64.Build.0 = Release|x64
		{BF8CCACC-1A56-4030-9F2A-3874DF082AAA}.Release|x86.ActiveCfg = Release|Win32
		{BF8CCACC-1A56-4030-9F2A-3874DF082AAA}.Release|x86.Build.0 = Release|Win32
	EndGlobalSection
	GlobalSection(SolutionProperties) = preSolution
		HideSolutionNode = FALSE
	EndGlobalSection
	GlobalSection(ExtensibilityGlobals) = postSolution
		SolutionGuid = {89E6CD51-7D65-4B67-8BB1-51B3D6F71BE0}
	EndGlobalSection
EndGlobal
